
Microsoft Visual Studio Solution File, Format Version 12.00
# Visual Studio Version 17
VisualStudioVersion = 17.6.33712.159
MinimumVisualStudioVersion = 10.0.40219.1
Project("{9A19103F-16F7-4668-BE54-9A1E7A4F7556}") = "IdentityServer4.AuthServer", "IdentityServer4.AuthServer\IdentityServer4.AuthServer.csproj", "{69FBCAD7-97D3-42C3-A31C-4BED84594E08}"
EndProject
Project("{9A19103F-16F7-4668-BE54-9A1E7A4F7556}") = "IdentityServer4.WebAppMvc1", "IdentityServer4.WebAppMvc\IdentityServer4.WebAppMvc1.csproj", "{A8CC9228-C393-4712-9AC9-34542F1ED154}"
EndProject
Project("{9A19103F-16F7-4668-BE54-9A1E7A4F7556}") = "IdentityServer4.API1", "IdentityServer4.API1\IdentityServer4.API1.csproj", "{D0851A29-B775-4580-894B-52BE9E830A1B}"
EndProject
Project("{9A19103F-16F7-4668-BE54-9A1E7A4F7556}") = "IdentityServer4.API2", "IdentityServer4.API2\IdentityServer4.API2.csproj", "{7B64D4B4-E99A-406F-9607-A19297273B23}"
EndProject
Project("{2150E333-8FDC-42A3-9474-1A3956D46DE8}") = "Solution Items", "Solution Items", "{24BA2798-5545-46DE-A5EE-041ECBCBBF05}"
	ProjectSection(SolutionItems) = preProject
		Ports.txt = Ports.txt
	EndProjectSection
EndProject
Project("{9A19103F-16F7-4668-BE54-9A1E7A4F7556}") = "IdentityServer4.WebAppMvc2", "IdentityServer4.WebAppMvc2\IdentityServer4.WebAppMvc2.csproj", "{D3F5BE17-1904-4E3A-9EBC-77C1858C286A}"
EndProject
Project("{9A19103F-16F7-4668-BE54-9A1E7A4F7556}") = "IdentiyServer4.Identity.Api", "IdentiyServer4.Identity.Api\IdentiyServer4.Identity.Api.csproj", "{E3B0C4F8-5FB3-428A-A89F-F160486ADD02}"
EndProject
Project("{FAE04EC0-301F-11D3-BF4B-00C04F79EFBC}") = "IdentityServer4.Weather.API", "IdentityServer4.Weather.API\IdentityServer4.Weather.API.csproj", "{F51E9BBA-EDFE-4FED-B7D3-199146FD26F2}"
EndProject
Global
	GlobalSection(SolutionConfigurationPlatforms) = preSolution
		Debug|Any CPU = Debug|Any CPU
		Release|Any CPU = Release|Any CPU
	EndGlobalSection
	GlobalSection(ProjectConfigurationPlatforms) = postSolution
		{69FBCAD7-97D3-42C3-A31C-4BED84594E08}.Debug|Any CPU.ActiveCfg = Debug|Any CPU
		{69FBCAD7-97D3-42C3-A31C-4BED84594E08}.Debug|Any CPU.Build.0 = Debug|Any CPU
		{69FBCAD7-97D3-42C3-A31C-4BED84594E08}.Release|Any CPU.ActiveCfg = Release|Any CPU
		{69FBCAD7-97D3-42C3-A31C-4BED84594E08}.Release|Any CPU.Build.0 = Release|Any CPU
		{A8CC9228-C393-4712-9AC9-34542F1ED154}.Debug|Any CPU.ActiveCfg = Debug|Any CPU
		{A8CC9228-C393-4712-9AC9-34542F1ED154}.Debug|Any CPU.Build.0 = Debug|Any CPU
		{A8CC9228-C393-4712-9AC9-34542F1ED154}.Release|Any CPU.ActiveCfg = Release|Any CPU
		{A8CC9228-C393-4712-9AC9-34542F1ED154}.Release|Any CPU.Build.0 = Release|Any CPU
		{D0851A29-B775-4580-894B-52BE9E830A1B}.Debug|Any CPU.ActiveCfg = Debug|Any CPU
		{D0851A29-B775-4580-894B-52BE9E830A1B}.Debug|Any CPU.Build.0 = Debug|Any CPU
		{D0851A29-B775-4580-894B-52BE9E830A1B}.Release|Any CPU.ActiveCfg = Release|Any CPU
		{D0851A29-B775-4580-894B-52BE9E830A1B}.Release|Any CPU.Build.0 = Release|Any CPU
		{7B64D4B4-E99A-406F-9607-A19297273B23}.Debug|Any CPU.ActiveCfg = Debug|Any CPU
		{7B64D4B4-E99A-406F-9607-A19297273B23}.Debug|Any CPU.Build.0 = Debug|Any CPU
		{7B64D4B4-E99A-406F-9607-A19297273B23}.Release|Any CPU.ActiveCfg = Release|Any CPU
		{7B64D4B4-E99A-406F-9607-A19297273B23}.Release|Any CPU.Build.0 = Release|Any CPU
		{D3F5BE17-1904-4E3A-9EBC-77C1858C286A}.Debug|Any CPU.ActiveCfg = Debug|Any CPU
		{D3F5BE17-1904-4E3A-9EBC-77C1858C286A}.Debug|Any CPU.Build.0 = Debug|Any CPU
		{D3F5BE17-1904-4E3A-9EBC-77C1858C286A}.Release|Any CPU.ActiveCfg = Release|Any CPU
		{D3F5BE17-1904-4E3A-9EBC-77C1858C286A}.Release|Any CPU.Build.0 = Release|Any CPU
		{E3B0C4F8-5FB3-428A-A89F-F160486ADD02}.Debug|Any CPU.ActiveCfg = Debug|Any CPU
		{E3B0C4F8-5FB3-428A-A89F-F160486ADD02}.Debug|Any CPU.Build.0 = Debug|Any CPU
		{E3B0C4F8-5FB3-428A-A89F-F160486ADD02}.Release|Any CPU.ActiveCfg = Release|Any CPU
		{E3B0C4F8-5FB3-428A-A89F-F160486ADD02}.Release|Any CPU.Build.0 = Release|Any CPU
		{F51E9BBA-EDFE-4FED-B7D3-199146FD26F2}.Debug|Any CPU.ActiveCfg = Debug|Any CPU
		{F51E9BBA-EDFE-4FED-B7D3-199146FD26F2}.Debug|Any CPU.Build.0 = Debug|Any CPU
		{F51E9BBA-EDFE-4FED-B7D3-199146FD26F2}.Release|Any CPU.ActiveCfg = Release|Any CPU
		{F51E9BBA-EDFE-4FED-B7D3-199146FD26F2}.Release|Any CPU.Build.0 = Release|Any CPU
	EndGlobalSection
	GlobalSection(SolutionProperties) = preSolution
		HideSolutionNode = FALSE
	EndGlobalSection
	GlobalSection(ExtensibilityGlobals) = postSolution
		SolutionGuid = {D2E3AB83-D887-41A5-88C5-B32D6AEE0C03}
	EndGlobalSection
EndGlobal
